
Microsoft Visual Studio Solution File, Format Version 12.00
# Visual Studio Version 17
VisualStudioVersion = 17.12.35527.113
MinimumVisualStudioVersion = 10.0.40219.1
Project("{FAE04EC0-301F-11D3-BF4B-00C04F79EFBC}") = "DB_E-Commerce", "DB_E-Commerce\DB_E-Commerce.csproj", "{AC696CE2-5885-43E8-BFF1-8B9C49E218A5}"
EndProject
Project("{FAE04EC0-301F-11D3-BF4B-00C04F79EFBC}") = "DB_E-Commerce.MVC", "university.MVC\DB_E-Commerce.MVC.csproj", "{0DB3CE45-F974-421A-8B6D-541E6B65E111}"
EndProject
Project("{FAE04EC0-301F-11D3-BF4B-00C04F79EFBC}") = "DB_E-Commerce.Application", "WebApplication2\DB_E-Commerce.Application.csproj", "{2A63B191-37FD-45C2-9CE9-20D7804D8B4E}"
EndProject
Project("{FAE04EC0-301F-11D3-BF4B-00C04F79EFBC}") = "DB_E-Commerce.Models", "WebApplication7\DB_E-Commerce.Models.csproj", "{791A8CC0-A31E-4045-9689-CA7FF5FF56D1}"
EndProject
Project("{FAE04EC0-301F-11D3-BF4B-00C04F79EFBC}") = "DB_E-Commerce.Persistence", "ßDB_E-Commerce.Persistence\DB_E-Commerce.Persistence.csproj", "{451B6B38-52FC-4F5F-9BF4-11B0F38AE1F0}"
EndProject
Global
	GlobalSection(SolutionConfigurationPlatforms) = preSolution
		Debug|Any CPU = Debug|Any CPU
		Release|Any CPU = Release|Any CPU
	EndGlobalSection
	GlobalSection(ProjectConfigurationPlatforms) = postSolution
		{AC696CE2-5885-43E8-BFF1-8B9C49E218A5}.Debug|Any CPU.ActiveCfg = Debug|Any CPU
		{AC696CE2-5885-43E8-BFF1-8B9C49E218A5}.Debug|Any CPU.Build.0 = Debug|Any CPU
		{AC696CE2-5885-43E8-BFF1-8B9C49E218A5}.Release|Any CPU.ActiveCfg = Release|Any CPU
		{AC696CE2-5885-43E8-BFF1-8B9C49E218A5}.Release|Any CPU.Build.0 = Release|Any CPU
		{0DB3CE45-F974-421A-8B6D-541E6B65E111}.Debug|Any CPU.ActiveCfg = Debug|Any CPU
		{0DB3CE45-F974-421A-8B6D-541E6B65E111}.Debug|Any CPU.Build.0 = Debug|Any CPU
		{0DB3CE45-F974-421A-8B6D-541E6B65E111}.Release|Any CPU.ActiveCfg = Release|Any CPU
		{0DB3CE45-F974-421A-8B6D-541E6B65E111}.Release|Any CPU.Build.0 = Release|Any CPU
		{2A63B191-37FD-45C2-9CE9-20D7804D8B4E}.Debug|Any CPU.ActiveCfg = Debug|Any CPU
		{2A63B191-37FD-45C2-9CE9-20D7804D8B4E}.Debug|Any CPU.Build.0 = Debug|Any CPU
		{2A63B191-37FD-45C2-9CE9-20D7804D8B4E}.Release|Any CPU.ActiveCfg = Release|Any CPU
		{2A63B191-37FD-45C2-9CE9-20D7804D8B4E}.Release|Any CPU.Build.0 = Release|Any CPU
		{791A8CC0-A31E-4045-9689-CA7FF5FF56D1}.Debug|Any CPU.ActiveCfg = Debug|Any CPU
		{791A8CC0-A31E-4045-9689-CA7FF5FF56D1}.Debug|Any CPU.Build.0 = Debug|Any CPU
		{791A8CC0-A31E-4045-9689-CA7FF5FF56D1}.Release|Any CPU.ActiveCfg = Release|Any CPU
		{791A8CC0-A31E-4045-9689-CA7FF5FF56D1}.Release|Any CPU.Build.0 = Release|Any CPU
		{451B6B38-52FC-4F5F-9BF4-11B0F38AE1F0}.Debug|Any CPU.ActiveCfg = Debug|Any CPU
		{451B6B38-52FC-4F5F-9BF4-11B0F38AE1F0}.Debug|Any CPU.Build.0 = Debug|Any CPU
		{451B6B38-52FC-4F5F-9BF4-11B0F38AE1F0}.Release|Any CPU.ActiveCfg = Release|Any CPU
		{451B6B38-52FC-4F5F-9BF4-11B0F38AE1F0}.Release|Any CPU.Build.0 = Release|Any CPU
	EndGlobalSection
	GlobalSection(SolutionProperties) = preSolution
		HideSolutionNode = FALSE
	EndGlobalSection
EndGlobal
